
Microsoft Visual Studio Solution File, Format Version 12.00
# Visual Studio Version 16
VisualStudioVersion = 16.0.29418.71
MinimumVisualStudioVersion = 10.0.40219.1
Project("{FAE04EC0-301F-11D3-BF4B-00C04F79EFBC}") = "Poker_Game", "Poker_Game\Poker_Game.csproj", "{83F6DF8B-076B-42EF-BA3E-FEE99959FBFC}"
EndProject
Global
	GlobalSection(SolutionConfigurationPlatforms) = preSolution
		Debug|Any CPU = Debug|Any CPU
		Release|Any CPU = Release|Any CPU
	EndGlobalSection
	GlobalSection(ProjectConfigurationPlatforms) = postSolution
		{83F6DF8B-076B-42EF-BA3E-FEE99959FBFC}.Debug|Any CPU.ActiveCfg = Debug|Any CPU
		{83F6DF8B-076B-42EF-BA3E-FEE99959FBFC}.Debug|Any CPU.Build.0 = Debug|Any CPU
		{83F6DF8B-076B-42EF-BA3E-FEE99959FBFC}.Release|Any CPU.ActiveCfg = Release|Any CPU
		{83F6DF8B-076B-42EF-BA3E-FEE99959FBFC}.Release|Any CPU.Build.0 = Release|Any CPU
	EndGlobalSection
	GlobalSection(SolutionProperties) = preSolution
		HideSolutionNode = FALSE
	EndGlobalSection
	GlobalSection(ExtensibilityGlobals) = postSolution
		SolutionGuid = {B39B29C0-9AC7-430C-B945-BE25FA74C487}
	EndGlobalSection
EndGlobal
